{
  "name": "movie",
  "version": "1.0.0",
  "lockfileVersion": 3,
  "requires": true,
  "packages": {
    "": {
      "name": "movie",
      "version": "1.0.0",
      "license": "ISC",
      "dependencies": {
        "@vant/weapp": "^1.10.19",
        "axios-miniprogram": "^2.5.0"
      },
      "devDependencies": {}
    },
    "node_modules/@vant/weapp": {
      "version": "1.10.19",
      "resolved": "https://registry.npmjs.org/@vant/weapp/-/weapp-1.10.19.tgz",
      "integrity": "sha512-RStOPlSELi9lqim9dGagguViUVMNnfZaEceZ248JZgPjn5TzL2nwwHGWl9VI69SBPC+5MPS+LXm7Z4jcdscFeg=="
    },
    "node_modules/axios-miniprogram": {
      "version": "2.5.0",
      "resolved": "https://registry.npmjs.org/axios-miniprogram/-/axios-miniprogram-2.5.0.tgz",
      "integrity": "sha512-czdxa/27z7yEeoNit/4guez1T4tB2w+wnBGQUGPNsUjy0hVngFl1zWSMSgP4A/PnWHA2ZHCLj20uzar11bDfhg=="
    }
  }
}
